
Microsoft Visual Studio Solution File, Format Version 12.00
# Visual Studio Version 16
VisualStudioVersion = 16.0.30011.22
MinimumVisualStudioVersion = 10.0.40219.1
Project("{FAE04EC0-301F-11D3-BF4B-00C04F79EFBC}") = "Contratos", "Contratos\Contratos.csproj", "{7AC5D5FF-84CC-4BCD-AF5D-412B8D063113}"
EndProject
Global
	GlobalSection(SolutionConfigurationPlatforms) = preSolution
		Debug|Any CPU = Debug|Any CPU
		Release|Any CPU = Release|Any CPU
	EndGlobalSection
	GlobalSection(ProjectConfigurationPlatforms) = postSolution
		{7AC5D5FF-84CC-4BCD-AF5D-412B8D063113}.Debug|Any CPU.ActiveCfg = Debug|Any CPU
		{7AC5D5FF-84CC-4BCD-AF5D-412B8D063113}.Debug|Any CPU.Build.0 = Debug|Any CPU
		{7AC5D5FF-84CC-4BCD-AF5D-412B8D063113}.Release|Any CPU.ActiveCfg = Release|Any CPU
		{7AC5D5FF-84CC-4BCD-AF5D-412B8D063113}.Release|Any CPU.Build.0 = Release|Any CPU
	EndGlobalSection
	GlobalSection(SolutionProperties) = preSolution
		HideSolutionNode = FALSE
	EndGlobalSection
	GlobalSection(ExtensibilityGlobals) = postSolution
		SolutionGuid = {60DBAE8D-1478-437C-957D-FD406E94EB86}
	EndGlobalSection
EndGlobal
